<?xml version="1.0" encoding="utf-8"?>
<Project ToolsVersion="17.0" xmlns="http://schemas.microsoft.com/developer/msbuild/2003">
  <ItemGroup>
    <ClCompile Include="E:\github_mycode\LearnGames\arplaneWars\hello.cpp">
      <Filter>Source Files</Filter>
    </ClCompile>
  </ItemGroup>
  <ItemGroup>
    <CustomBuild Include="E:\github_mycode\LearnGames\arplaneWars\CMakeLists.txt" />
  </ItemGroup>
  <ItemGroup>
    <Filter Include="Source Files">
      <UniqueIdentifier>{22CFFD55-3F49-339E-AEF1-A2425DA24EC7}</UniqueIdentifier>
    </Filter>
  </ItemGroup>
</Project>
