<?xml version="1.0" encoding="utf-8"?>
<Project ToolsVersion="17.0" xmlns="http://schemas.microsoft.com/developer/msbuild/2003">
  <ItemGroup>
    <CustomBuild Include="E:\github_mycode\LearnGames\arplaneWars\build-win32\CMakeFiles\151d2dbfcf582281486c774876a794de\generate.stamp.rule">
      <Filter>CMake Rules</Filter>
    </CustomBuild>
  </ItemGroup>
  <ItemGroup>
    <Filter Include="CMake Rules">
      <UniqueIdentifier>{A17C771D-FCFF-33C0-8C97-28DF0823D14D}</UniqueIdentifier>
    </Filter>
  </ItemGroup>
</Project>
